
Microsoft Visual Studio Solution File, Format Version 12.00
# Visual Studio Version 17
VisualStudioVersion = 17.5.002.0
MinimumVisualStudioVersion = 10.0.40219.1
Project("{9A19103F-16F7-4668-BE54-9A1E7A4F7556}") = "TelefonRehberi", "TelefonRehberi.csproj", "{8249C13B-C97C-42E7-8525-68C650D6C955}"
EndProject
Global
	GlobalSection(SolutionConfigurationPlatforms) = preSolution
		Debug|Any CPU = Debug|Any CPU
		Release|Any CPU = Release|Any CPU
	EndGlobalSection
	GlobalSection(ProjectConfigurationPlatforms) = postSolution
		{8249C13B-C97C-42E7-8525-68C650D6C955}.Debug|Any CPU.ActiveCfg = Debug|Any CPU
		{8249C13B-C97C-42E7-8525-68C650D6C955}.Debug|Any CPU.Build.0 = Debug|Any CPU
		{8249C13B-C97C-42E7-8525-68C650D6C955}.Release|Any CPU.ActiveCfg = Release|Any CPU
		{8249C13B-C97C-42E7-8525-68C650D6C955}.Release|Any CPU.Build.0 = Release|Any CPU
	EndGlobalSection
	GlobalSection(SolutionProperties) = preSolution
		HideSolutionNode = FALSE
	EndGlobalSection
	GlobalSection(ExtensibilityGlobals) = postSolution
		SolutionGuid = {00BD76A4-9A4A-4DBE-A403-5F5050EAA88B}
	EndGlobalSection
EndGlobal
