
Microsoft Visual Studio Solution File, Format Version 12.00
# Visual Studio Version 17
VisualStudioVersion = 17.5.002.0
MinimumVisualStudioVersion = 10.0.40219.1
Project("{9A19103F-16F7-4668-BE54-9A1E7A4F7556}") = "patikadev_odev2", "patikadev_odev2.csproj", "{44BF2604-0BA3-4978-98DD-6172CF6F61DC}"
EndProject
Global
	GlobalSection(SolutionConfigurationPlatforms) = preSolution
		Debug|Any CPU = Debug|Any CPU
		Release|Any CPU = Release|Any CPU
	EndGlobalSection
	GlobalSection(ProjectConfigurationPlatforms) = postSolution
		{44BF2604-0BA3-4978-98DD-6172CF6F61DC}.Debug|Any CPU.ActiveCfg = Debug|Any CPU
		{44BF2604-0BA3-4978-98DD-6172CF6F61DC}.Debug|Any CPU.Build.0 = Debug|Any CPU
		{44BF2604-0BA3-4978-98DD-6172CF6F61DC}.Release|Any CPU.ActiveCfg = Release|Any CPU
		{44BF2604-0BA3-4978-98DD-6172CF6F61DC}.Release|Any CPU.Build.0 = Release|Any CPU
	EndGlobalSection
	GlobalSection(SolutionProperties) = preSolution
		HideSolutionNode = FALSE
	EndGlobalSection
	GlobalSection(ExtensibilityGlobals) = postSolution
		SolutionGuid = {CE055B8A-D3E4-4CBA-94C7-3FCD8212E579}
	EndGlobalSection
EndGlobal
