
Microsoft Visual Studio Solution File, Format Version 12.00
# Visual Studio Version 17
VisualStudioVersion = 17.5.002.0
MinimumVisualStudioVersion = 10.0.40219.1
Project("{9A19103F-16F7-4668-BE54-9A1E7A4F7556}") = "encapsulation", "encapsulation.csproj", "{B1C37709-55F9-4127-9CBD-17159D1A84CF}"
EndProject
Global
	GlobalSection(SolutionConfigurationPlatforms) = preSolution
		Debug|Any CPU = Debug|Any CPU
		Release|Any CPU = Release|Any CPU
	EndGlobalSection
	GlobalSection(ProjectConfigurationPlatforms) = postSolution
		{B1C37709-55F9-4127-9CBD-17159D1A84CF}.Debug|Any CPU.ActiveCfg = Debug|Any CPU
		{B1C37709-55F9-4127-9CBD-17159D1A84CF}.Debug|Any CPU.Build.0 = Debug|Any CPU
		{B1C37709-55F9-4127-9CBD-17159D1A84CF}.Release|Any CPU.ActiveCfg = Release|Any CPU
		{B1C37709-55F9-4127-9CBD-17159D1A84CF}.Release|Any CPU.Build.0 = Release|Any CPU
	EndGlobalSection
	GlobalSection(SolutionProperties) = preSolution
		HideSolutionNode = FALSE
	EndGlobalSection
	GlobalSection(ExtensibilityGlobals) = postSolution
		SolutionGuid = {6DEC82AE-3A9B-40DD-916F-3C251C92AD0B}
	EndGlobalSection
EndGlobal
