
Microsoft Visual Studio Solution File, Format Version 12.00
# Visual Studio Version 17
VisualStudioVersion = 17.5.002.0
MinimumVisualStudioVersion = 10.0.40219.1
Project("{9A19103F-16F7-4668-BE54-9A1E7A4F7556}") = "csharp_enum", "csharp_enum.csproj", "{496B4874-383C-42E5-8923-A963EBE589DB}"
EndProject
Global
	GlobalSection(SolutionConfigurationPlatforms) = preSolution
		Debug|Any CPU = Debug|Any CPU
		Release|Any CPU = Release|Any CPU
	EndGlobalSection
	GlobalSection(ProjectConfigurationPlatforms) = postSolution
		{496B4874-383C-42E5-8923-A963EBE589DB}.Debug|Any CPU.ActiveCfg = Debug|Any CPU
		{496B4874-383C-42E5-8923-A963EBE589DB}.Debug|Any CPU.Build.0 = Debug|Any CPU
		{496B4874-383C-42E5-8923-A963EBE589DB}.Release|Any CPU.ActiveCfg = Release|Any CPU
		{496B4874-383C-42E5-8923-A963EBE589DB}.Release|Any CPU.Build.0 = Release|Any CPU
	EndGlobalSection
	GlobalSection(SolutionProperties) = preSolution
		HideSolutionNode = FALSE
	EndGlobalSection
	GlobalSection(ExtensibilityGlobals) = postSolution
		SolutionGuid = {16217785-13BB-4FF0-A386-769C73E30C7B}
	EndGlobalSection
EndGlobal
