
Microsoft Visual Studio Solution File, Format Version 12.00
# Visual Studio Version 17
VisualStudioVersion = 17.5.002.0
MinimumVisualStudioVersion = 10.0.40219.1
Project("{9A19103F-16F7-4668-BE54-9A1E7A4F7556}") = "StringMetotlar", "StringMetotlar.csproj", "{4C03901F-FAB1-47B5-981F-F48007EFABEE}"
EndProject
Global
	GlobalSection(SolutionConfigurationPlatforms) = preSolution
		Debug|Any CPU = Debug|Any CPU
		Release|Any CPU = Release|Any CPU
	EndGlobalSection
	GlobalSection(ProjectConfigurationPlatforms) = postSolution
		{4C03901F-FAB1-47B5-981F-F48007EFABEE}.Debug|Any CPU.ActiveCfg = Debug|Any CPU
		{4C03901F-FAB1-47B5-981F-F48007EFABEE}.Debug|Any CPU.Build.0 = Debug|Any CPU
		{4C03901F-FAB1-47B5-981F-F48007EFABEE}.Release|Any CPU.ActiveCfg = Release|Any CPU
		{4C03901F-FAB1-47B5-981F-F48007EFABEE}.Release|Any CPU.Build.0 = Release|Any CPU
	EndGlobalSection
	GlobalSection(SolutionProperties) = preSolution
		HideSolutionNode = FALSE
	EndGlobalSection
	GlobalSection(ExtensibilityGlobals) = postSolution
		SolutionGuid = {3D761F4A-AA3D-412B-BBCC-658693B8E828}
	EndGlobalSection
EndGlobal
